
Microsoft Visual Studio Solution File, Format Version 12.00
# Visual Studio Version 17
VisualStudioVersion = 17.10.35013.160
MinimumVisualStudioVersion = 10.0.40219.1
Project("{FAE04EC0-301F-11D3-BF4B-00C04F79EFBC}") = "GeoLib", "GeoLib\GeoLib.csproj", "{F6DB3EA0-DBB7-425F-853D-F0E0750B56A7}"
EndProject
Project("{FAE04EC0-301F-11D3-BF4B-00C04F79EFBC}") = "GeoTest", "GeoTest\GeoTest.csproj", "{FA4C1F98-7784-4EFA-A1D4-696CE64C8A33}"
EndProject
Global
	GlobalSection(SolutionConfigurationPlatforms) = preSolution
		Debug|Any CPU = Debug|Any CPU
		Release|Any CPU = Release|Any CPU
	EndGlobalSection
	GlobalSection(ProjectConfigurationPlatforms) = postSolution
		{F6DB3EA0-DBB7-425F-853D-F0E0750B56A7}.Debug|Any CPU.ActiveCfg = Debug|Any CPU
		{F6DB3EA0-DBB7-425F-853D-F0E0750B56A7}.Debug|Any CPU.Build.0 = Debug|Any CPU
		{F6DB3EA0-DBB7-425F-853D-F0E0750B56A7}.Release|Any CPU.ActiveCfg = Release|Any CPU
		{F6DB3EA0-DBB7-425F-853D-F0E0750B56A7}.Release|Any CPU.Build.0 = Release|Any CPU
		{FA4C1F98-7784-4EFA-A1D4-696CE64C8A33}.Debug|Any CPU.ActiveCfg = Debug|Any CPU
		{FA4C1F98-7784-4EFA-A1D4-696CE64C8A33}.Debug|Any CPU.Build.0 = Debug|Any CPU
		{FA4C1F98-7784-4EFA-A1D4-696CE64C8A33}.Release|Any CPU.ActiveCfg = Release|Any CPU
		{FA4C1F98-7784-4EFA-A1D4-696CE64C8A33}.Release|Any CPU.Build.0 = Release|Any CPU
	EndGlobalSection
	GlobalSection(SolutionProperties) = preSolution
		HideSolutionNode = FALSE
	EndGlobalSection
	GlobalSection(ExtensibilityGlobals) = postSolution
		SolutionGuid = {B05D701C-D9A6-43BC-8FF7-DA33329BFBDC}
	EndGlobalSection
EndGlobal
